
Microsoft Visual Studio Solution File, Format Version 12.00
# Visual Studio Version 17
VisualStudioVersion = 17.1.32319.34
MinimumVisualStudioVersion = 10.0.40219.1
Project("{FAE04EC0-301F-11D3-BF4B-00C04F79EFBC}") = "WpfApp1", "WpfApp1\WpfApp1.csproj", "{11754CFF-920D-4D86-B75F-47E28655E410}"
EndProject
Global
	GlobalSection(SolutionConfigurationPlatforms) = preSolution
		Debug|Any CPU = Debug|Any CPU
		Release|Any CPU = Release|Any CPU
	EndGlobalSection
	GlobalSection(ProjectConfigurationPlatforms) = postSolution
		{11754CFF-920D-4D86-B75F-47E28655E410}.Debug|Any CPU.ActiveCfg = Debug|Any CPU
		{11754CFF-920D-4D86-B75F-47E28655E410}.Debug|Any CPU.Build.0 = Debug|Any CPU
		{11754CFF-920D-4D86-B75F-47E28655E410}.Release|Any CPU.ActiveCfg = Release|Any CPU
		{11754CFF-920D-4D86-B75F-47E28655E410}.Release|Any CPU.Build.0 = Release|Any CPU
	EndGlobalSection
	GlobalSection(SolutionProperties) = preSolution
		HideSolutionNode = FALSE
	EndGlobalSection
	GlobalSection(ExtensibilityGlobals) = postSolution
		SolutionGuid = {91BD6AF8-66DF-46FD-964F-AD91B9C0089D}
	EndGlobalSection
EndGlobal
